<?xml version="1.0" encoding="utf-8"?>
<Project ToolsVersion="4.0" xmlns="http://schemas.microsoft.com/developer/msbuild/2003">
  <ItemGroup>
    <Filter Include="Source Files">
      <UniqueIdentifier>{4FC737F1-C7A5-4376-A066-2A32D752A2FF}</UniqueIdentifier>
      <Extensions>cpp;c;cc;cxx;def;odl;idl;hpj;bat;asm;asmx</Extensions>
    </Filter>
    <Filter Include="Header Files">
      <UniqueIdentifier>{93995380-89BD-4b04-88EB-625FBE52EBFB}</UniqueIdentifier>
      <Extensions>h;hh;hpp;hxx;hm;inl;inc;xsd</Extensions>
    </Filter>
    <Filter Include="Resource Files">
      <UniqueIdentifier>{67DA6AB6-F800-4c08-8B7A-83BB121AAD01}</UniqueIdentifier>
      <Extensions>rc;ico;cur;bmp;dlg;rc2;rct;bin;rgs;gif;jpg;jpeg;jpe;resx;tiff;tif;png;wav;mfcribbon-ms</Extensions>
    </Filter>
  </ItemGroup>
  <ItemGroup>
    <Text Include="ReadMe.txt" />
  </ItemGroup>
  <ItemGroup>
    <ClInclude Include="stdafx.h">
      <Filter>Header Files</Filter>
    </ClInclude>
    <ClInclude Include="Cochleagram.h">
      <Filter>Header Files</Filter>
    </ClInclude>
    <ClInclude Include="GammatoneFilter.h">
      <Filter>Header Files</Filter>
    </ClInclude>
    <ClInclude Include="FilterBank.h">
      <Filter>Header Files</Filter>
    </ClInclude>
    <ClInclude Include="resource.h">
      <Filter>Header Files</Filter>
    </ClInclude>
    <ClInclude Include="Definitions.h">
      <Filter>Header Files</Filter>
    </ClInclude>
    <ClInclude Include="AudioFile.h">
      <Filter>Header Files</Filter>
    </ClInclude>
    <ClInclude Include="testing.h">
      <Filter>Header Files</Filter>
    </ClInclude>
    <ClInclude Include="Meddis.h">
      <Filter>Header Files</Filter>
    </ClInclude>
    <ClInclude Include="SignalGrid.h">
      <Filter>Header Files</Filter>
    </ClInclude>
    <ClInclude Include="SignalBank.h">
      <Filter>Header Files</Filter>
    </ClInclude>
    <ClInclude Include="Signal.h">
      <Filter>Header Files</Filter>
    </ClInclude>
    <ClInclude Include="HanningWindow.h">
      <Filter>Header Files</Filter>
    </ClInclude>
    <ClInclude Include="targetver.h">
      <Filter>Resource Files</Filter>
    </ClInclude>
    <ClInclude Include="Correlogram.h">
      <Filter>Header Files</Filter>
    </ClInclude>
    <ClInclude Include="crossCorrelationSegmentation.h">
      <Filter>Header Files</Filter>
    </ClInclude>
    <ClInclude Include="IdealBinaryMask.h">
      <Filter>Header Files</Filter>
    </ClInclude>
    <ClInclude Include="GlobalInhibitor.h">
      <Filter>Header Files</Filter>
    </ClInclude>
    <ClInclude Include="LEGION%28old%29.h">
      <Filter>Header Files</Filter>
    </ClInclude>
    <ClInclude Include="Oscillator%28old%29.h">
      <Filter>Header Files</Filter>
    </ClInclude>
    <ClInclude Include="Connection%28old%29.h">
      <Filter>Header Files</Filter>
    </ClInclude>
    <ClInclude Include="Oscillator.h">
      <Filter>Header Files</Filter>
    </ClInclude>
    <ClInclude Include="LEGION.h">
      <Filter>Header Files</Filter>
    </ClInclude>
    <ClInclude Include="Connection.h">
      <Filter>Header Files</Filter>
    </ClInclude>
  </ItemGroup>
  <ItemGroup>
    <ClCompile Include="stdafx.cpp">
      <Filter>Source Files</Filter>
    </ClCompile>
    <ClCompile Include="Capstone.cpp">
      <Filter>Source Files</Filter>
    </ClCompile>
    <ClCompile Include="Cochleagram.cpp">
      <Filter>Source Files</Filter>
    </ClCompile>
    <ClCompile Include="GammatoneFilter.cpp">
      <Filter>Source Files</Filter>
    </ClCompile>
    <ClCompile Include="FilterBank.cpp">
      <Filter>Source Files</Filter>
    </ClCompile>
    <ClCompile Include="AudioFile.cpp">
      <Filter>Source Files</Filter>
    </ClCompile>
    <ClCompile Include="mexFunction.cpp">
      <Filter>Source Files</Filter>
    </ClCompile>
    <ClCompile Include="staticTools.cpp">
      <Filter>Source Files</Filter>
    </ClCompile>
    <ClCompile Include="testing.cpp">
      <Filter>Source Files</Filter>
    </ClCompile>
    <ClCompile Include="Meddis.cpp">
      <Filter>Source Files</Filter>
    </ClCompile>
    <ClCompile Include="SignalGrid.cpp">
      <Filter>Source Files</Filter>
    </ClCompile>
    <ClCompile Include="SignalBank.cpp">
      <Filter>Source Files</Filter>
    </ClCompile>
    <ClCompile Include="Signal.cpp">
      <Filter>Source Files</Filter>
    </ClCompile>
    <ClCompile Include="HanningWindow.cpp">
      <Filter>Source Files</Filter>
    </ClCompile>
    <ClCompile Include="Correlogram.cpp">
      <Filter>Source Files</Filter>
    </ClCompile>
    <ClCompile Include="crossCorrelationSegmentation.cpp">
      <Filter>Source Files</Filter>
    </ClCompile>
    <ClCompile Include="IdealBinaryMask.cpp">
      <Filter>Source Files</Filter>
    </ClCompile>
    <ClCompile Include="GlobalInhibitor.cpp">
      <Filter>Source Files</Filter>
    </ClCompile>
    <ClCompile Include="Oscillator%28old%29.cpp">
      <Filter>Source Files</Filter>
    </ClCompile>
    <ClCompile Include="LEGION%28old%29.cpp">
      <Filter>Source Files</Filter>
    </ClCompile>
    <ClCompile Include="Connection%28old%29.cpp">
      <Filter>Source Files</Filter>
    </ClCompile>
    <ClCompile Include="Oscillator.cpp">
      <Filter>Source Files</Filter>
    </ClCompile>
    <ClCompile Include="LEGION.cpp">
      <Filter>Source Files</Filter>
    </ClCompile>
    <ClCompile Include="Connection.cpp">
      <Filter>Source Files</Filter>
    </ClCompile>
  </ItemGroup>
  <ItemGroup>
    <ResourceCompile Include="Capstone.rc">
      <Filter>Resource Files</Filter>
    </ResourceCompile>
  </ItemGroup>
</Project>